
Microsoft Visual Studio Solution File, Format Version 12.00
# Visual Studio Version 16
VisualStudioVersion = 16.0.29709.97
MinimumVisualStudioVersion = 10.0.40219.1
Project("{FAE04EC0-301F-11D3-BF4B-00C04F79EFBC}") = "Resouces.Android", "Resouces\Resouces.Android\Resouces.Android.csproj", "{D5760D54-4446-4B81-A907-5BB323554D98}"
EndProject
Project("{FAE04EC0-301F-11D3-BF4B-00C04F79EFBC}") = "Resouces.iOS", "Resouces\Resouces.iOS\Resouces.iOS.csproj", "{00444109-A7E0-4442-9CD7-14F844DCE6BB}"
EndProject
Project("{FAE04EC0-301F-11D3-BF4B-00C04F79EFBC}") = "Resouces", "Resouces\Resouces\Resouces.csproj", "{0050D279-1350-4E9E-A692-4C50D8C9CDE1}"
EndProject
Global
	GlobalSection(SolutionConfigurationPlatforms) = preSolution
		Debug|Any CPU = Debug|Any CPU
		Debug|iPhone = Debug|iPhone
		Debug|iPhoneSimulator = Debug|iPhoneSimulator
		Release|Any CPU = Release|Any CPU
		Release|iPhone = Release|iPhone
		Release|iPhoneSimulator = Release|iPhoneSimulator
	EndGlobalSection
	GlobalSection(ProjectConfigurationPlatforms) = postSolution
		{D5760D54-4446-4B81-A907-5BB323554D98}.Debug|Any CPU.ActiveCfg = Debug|Any CPU
		{D5760D54-4446-4B81-A907-5BB323554D98}.Debug|Any CPU.Build.0 = Debug|Any CPU
		{D5760D54-4446-4B81-A907-5BB323554D98}.Debug|Any CPU.Deploy.0 = Debug|Any CPU
		{D5760D54-4446-4B81-A907-5BB323554D98}.Debug|iPhone.ActiveCfg = Debug|Any CPU
		{D5760D54-4446-4B81-A907-5BB323554D98}.Debug|iPhone.Build.0 = Debug|Any CPU
		{D5760D54-4446-4B81-A907-5BB323554D98}.Debug|iPhone.Deploy.0 = Debug|Any CPU
		{D5760D54-4446-4B81-A907-5BB323554D98}.Debug|iPhoneSimulator.ActiveCfg = Debug|Any CPU
		{D5760D54-4446-4B81-A907-5BB323554D98}.Debug|iPhoneSimulator.Build.0 = Debug|Any CPU
		{D5760D54-4446-4B81-A907-5BB323554D98}.Debug|iPhoneSimulator.Deploy.0 = Debug|Any CPU
		{D5760D54-4446-4B81-A907-5BB323554D98}.Release|Any CPU.ActiveCfg = Release|Any CPU
		{D5760D54-4446-4B81-A907-5BB323554D98}.Release|Any CPU.Build.0 = Release|Any CPU
		{D5760D54-4446-4B81-A907-5BB323554D98}.Release|Any CPU.Deploy.0 = Release|Any CPU
		{D5760D54-4446-4B81-A907-5BB323554D98}.Release|iPhone.ActiveCfg = Release|Any CPU
		{D5760D54-4446-4B81-A907-5BB323554D98}.Release|iPhone.Build.0 = Release|Any CPU
		{D5760D54-4446-4B81-A907-5BB323554D98}.Release|iPhone.Deploy.0 = Release|Any CPU
		{D5760D54-4446-4B81-A907-5BB323554D98}.Release|iPhoneSimulator.ActiveCfg = Release|Any CPU
		{D5760D54-4446-4B81-A907-5BB323554D98}.Release|iPhoneSimulator.Build.0 = Release|Any CPU
		{D5760D54-4446-4B81-A907-5BB323554D98}.Release|iPhoneSimulator.Deploy.0 = Release|Any CPU
		{00444109-A7E0-4442-9CD7-14F844DCE6BB}.Debug|Any CPU.ActiveCfg = Debug|iPhoneSimulator
		{00444109-A7E0-4442-9CD7-14F844DCE6BB}.Debug|Any CPU.Build.0 = Debug|iPhoneSimulator
		{00444109-A7E0-4442-9CD7-14F844DCE6BB}.Debug|Any CPU.Deploy.0 = Debug|iPhoneSimulator
		{00444109-A7E0-4442-9CD7-14F844DCE6BB}.Debug|iPhone.ActiveCfg = Debug|iPhone
		{00444109-A7E0-4442-9CD7-14F844DCE6BB}.Debug|iPhone.Build.0 = Debug|iPhone
		{00444109-A7E0-4442-9CD7-14F844DCE6BB}.Debug|iPhone.Deploy.0 = Debug|iPhone
		{00444109-A7E0-4442-9CD7-14F844DCE6BB}.Debug|iPhoneSimulator.ActiveCfg = Debug|iPhoneSimulator
		{00444109-A7E0-4442-9CD7-14F844DCE6BB}.Debug|iPhoneSimulator.Build.0 = Debug|iPhoneSimulator
		{00444109-A7E0-4442-9CD7-14F844DCE6BB}.Debug|iPhoneSimulator.Deploy.0 = Debug|iPhoneSimulator
		{00444109-A7E0-4442-9CD7-14F844DCE6BB}.Release|Any CPU.ActiveCfg = Release|iPhone
		{00444109-A7E0-4442-9CD7-14F844DCE6BB}.Release|Any CPU.Build.0 = Release|iPhone
		{00444109-A7E0-4442-9CD7-14F844DCE6BB}.Release|Any CPU.Deploy.0 = Release|iPhone
		{00444109-A7E0-4442-9CD7-14F844DCE6BB}.Release|iPhone.ActiveCfg = Release|iPhone
		{00444109-A7E0-4442-9CD7-14F844DCE6BB}.Release|iPhone.Build.0 = Release|iPhone
		{00444109-A7E0-4442-9CD7-14F844DCE6BB}.Release|iPhone.Deploy.0 = Release|iPhone
		{00444109-A7E0-4442-9CD7-14F844DCE6BB}.Release|iPhoneSimulator.ActiveCfg = Release|iPhoneSimulator
		{00444109-A7E0-4442-9CD7-14F844DCE6BB}.Release|iPhoneSimulator.Build.0 = Release|iPhoneSimulator
		{00444109-A7E0-4442-9CD7-14F844DCE6BB}.Release|iPhoneSimulator.Deploy.0 = Release|iPhoneSimulator
		{0050D279-1350-4E9E-A692-4C50D8C9CDE1}.Debug|Any CPU.ActiveCfg = Debug|Any CPU
		{0050D279-1350-4E9E-A692-4C50D8C9CDE1}.Debug|Any CPU.Build.0 = Debug|Any CPU
		{0050D279-1350-4E9E-A692-4C50D8C9CDE1}.Debug|Any CPU.Deploy.0 = Debug|Any CPU
		{0050D279-1350-4E9E-A692-4C50D8C9CDE1}.Debug|iPhone.ActiveCfg = Debug|Any CPU
		{0050D279-1350-4E9E-A692-4C50D8C9CDE1}.Debug|iPhone.Build.0 = Debug|Any CPU
		{0050D279-1350-4E9E-A692-4C50D8C9CDE1}.Debug|iPhone.Deploy.0 = Debug|Any CPU
		{0050D279-1350-4E9E-A692-4C50D8C9CDE1}.Debug|iPhoneSimulator.ActiveCfg = Debug|Any CPU
		{0050D279-1350-4E9E-A692-4C50D8C9CDE1}.Debug|iPhoneSimulator.Build.0 = Debug|Any CPU
		{0050D279-1350-4E9E-A692-4C50D8C9CDE1}.Debug|iPhoneSimulator.Deploy.0 = Debug|Any CPU
		{0050D279-1350-4E9E-A692-4C50D8C9CDE1}.Release|Any CPU.ActiveCfg = Release|Any CPU
		{0050D279-1350-4E9E-A692-4C50D8C9CDE1}.Release|Any CPU.Build.0 = Release|Any CPU
		{0050D279-1350-4E9E-A692-4C50D8C9CDE1}.Release|Any CPU.Deploy.0 = Release|Any CPU
		{0050D279-1350-4E9E-A692-4C50D8C9CDE1}.Release|iPhone.ActiveCfg = Release|Any CPU
		{0050D279-1350-4E9E-A692-4C50D8C9CDE1}.Release|iPhone.Build.0 = Release|Any CPU
		{0050D279-1350-4E9E-A692-4C50D8C9CDE1}.Release|iPhone.Deploy.0 = Release|Any CPU
		{0050D279-1350-4E9E-A692-4C50D8C9CDE1}.Release|iPhoneSimulator.ActiveCfg = Release|Any CPU
		{0050D279-1350-4E9E-A692-4C50D8C9CDE1}.Release|iPhoneSimulator.Build.0 = Release|Any CPU
		{0050D279-1350-4E9E-A692-4C50D8C9CDE1}.Release|iPhoneSimulator.Deploy.0 = Release|Any CPU
	EndGlobalSection
	GlobalSection(SolutionProperties) = preSolution
		HideSolutionNode = FALSE
	EndGlobalSection
	GlobalSection(ExtensibilityGlobals) = postSolution
		SolutionGuid = {0ADE8820-E1AC-4D2F-980A-675FD25E52E9}
	EndGlobalSection
EndGlobal
